
Microsoft Visual Studio Solution File, Format Version 12.00
# Visual Studio Version 17
VisualStudioVersion = 17.13.35931.197
MinimumVisualStudioVersion = 10.0.40219.1
Project("{FAE04EC0-301F-11D3-BF4B-00C04F79EFBC}") = "ElementsFinder.Tests", "ElementsFinder.Tests\ElementsFinder.Tests.csproj", "{1D956FAB-5DBE-4AB1-A0BB-E2F02EFB358B}"
EndProject
Project("{FAE04EC0-301F-11D3-BF4B-00C04F79EFBC}") = "ElementsFinder", "ElementsFinder\ElementsFinder.csproj", "{98CE50B5-18DB-41C0-BD25-6E43D71804B0}"
EndProject
Global
	GlobalSection(SolutionConfigurationPlatforms) = preSolution
		Debug|Any CPU = Debug|Any CPU
		Debug|x64 = Debug|x64
		Debug|x86 = Debug|x86
		Release|Any CPU = Release|Any CPU
		Release|x64 = Release|x64
		Release|x86 = Release|x86
	EndGlobalSection
	GlobalSection(ProjectConfigurationPlatforms) = postSolution
		{1D956FAB-5DBE-4AB1-A0BB-E2F02EFB358B}.Debug|Any CPU.ActiveCfg = Debug|Any CPU
		{1D956FAB-5DBE-4AB1-A0BB-E2F02EFB358B}.Debug|Any CPU.Build.0 = Debug|Any CPU
		{1D956FAB-5DBE-4AB1-A0BB-E2F02EFB358B}.Debug|x64.ActiveCfg = Debug|Any CPU
		{1D956FAB-5DBE-4AB1-A0BB-E2F02EFB358B}.Debug|x64.Build.0 = Debug|Any CPU
		{1D956FAB-5DBE-4AB1-A0BB-E2F02EFB358B}.Debug|x86.ActiveCfg = Debug|Any CPU
		{1D956FAB-5DBE-4AB1-A0BB-E2F02EFB358B}.Debug|x86.Build.0 = Debug|Any CPU
		{1D956FAB-5DBE-4AB1-A0BB-E2F02EFB358B}.Release|Any CPU.ActiveCfg = Release|Any CPU
		{1D956FAB-5DBE-4AB1-A0BB-E2F02EFB358B}.Release|Any CPU.Build.0 = Release|Any CPU
		{1D956FAB-5DBE-4AB1-A0BB-E2F02EFB358B}.Release|x64.ActiveCfg = Release|Any CPU
		{1D956FAB-5DBE-4AB1-A0BB-E2F02EFB358B}.Release|x64.Build.0 = Release|Any CPU
		{1D956FAB-5DBE-4AB1-A0BB-E2F02EFB358B}.Release|x86.ActiveCfg = Release|Any CPU
		{1D956FAB-5DBE-4AB1-A0BB-E2F02EFB358B}.Release|x86.Build.0 = Release|Any CPU
		{98CE50B5-18DB-41C0-BD25-6E43D71804B0}.Debug|Any CPU.ActiveCfg = Debug|Any CPU
		{98CE50B5-18DB-41C0-BD25-6E43D71804B0}.Debug|Any CPU.Build.0 = Debug|Any CPU
		{98CE50B5-18DB-41C0-BD25-6E43D71804B0}.Debug|x64.ActiveCfg = Debug|Any CPU
		{98CE50B5-18DB-41C0-BD25-6E43D71804B0}.Debug|x64.Build.0 = Debug|Any CPU
		{98CE50B5-18DB-41C0-BD25-6E43D71804B0}.Debug|x86.ActiveCfg = Debug|Any CPU
		{98CE50B5-18DB-41C0-BD25-6E43D71804B0}.Debug|x86.Build.0 = Debug|Any CPU
		{98CE50B5-18DB-41C0-BD25-6E43D71804B0}.Release|Any CPU.ActiveCfg = Release|Any CPU
		{98CE50B5-18DB-41C0-BD25-6E43D71804B0}.Release|Any CPU.Build.0 = Release|Any CPU
		{98CE50B5-18DB-41C0-BD25-6E43D71804B0}.Release|x64.ActiveCfg = Release|Any CPU
		{98CE50B5-18DB-41C0-BD25-6E43D71804B0}.Release|x64.Build.0 = Release|Any CPU
		{98CE50B5-18DB-41C0-BD25-6E43D71804B0}.Release|x86.ActiveCfg = Release|Any CPU
		{98CE50B5-18DB-41C0-BD25-6E43D71804B0}.Release|x86.Build.0 = Release|Any CPU
	EndGlobalSection
	GlobalSection(SolutionProperties) = preSolution
		HideSolutionNode = FALSE
	EndGlobalSection
	GlobalSection(ExtensibilityGlobals) = postSolution
		SolutionGuid = {482B8A0D-9206-469B-9BB4-AF61F69B4517}
	EndGlobalSection
EndGlobal
